
Microsoft Visual Studio Solution File, Format Version 12.00
# Visual Studio Version 16
VisualStudioVersion = 16.0.30517.126
MinimumVisualStudioVersion = 10.0.40219.1
Project("{2150E333-8FDC-42A3-9474-1A3956D46DE8}") = "Services", "Services", "{51814EC1-2731-4763-95EB-F65E16B47A55}"
EndProject
Project("{2150E333-8FDC-42A3-9474-1A3956D46DE8}") = "Catalog", "Catalog", "{C4E5AEAD-E07F-450F-85AE-BA76FC4704C4}"
EndProject
Project("{9A19103F-16F7-4668-BE54-9A1E7A4F7556}") = "FreeCourse.Services.Catalog", "Services\Catalog\FreeCourse.Services.Catalog\FreeCourse.Services.Catalog.csproj", "{7C8646E6-B2E5-4EF4-ABD4-590F16EFA226}"
EndProject
Project("{2150E333-8FDC-42A3-9474-1A3956D46DE8}") = "Solution Items", "Solution Items", "{F9894009-A76D-4C47-B503-2939EB58EF05}"
	ProjectSection(SolutionItems) = preProject
		Ports.txt = Ports.txt
	EndProjectSection
EndProject
Project("{2150E333-8FDC-42A3-9474-1A3956D46DE8}") = "Shared", "Shared", "{7F252DAB-872F-46F3-90A1-4EE02F9B45FF}"
EndProject
Project("{9A19103F-16F7-4668-BE54-9A1E7A4F7556}") = "FreeCourse.Shared", "Shared\FreeCourse.Shared\FreeCourse.Shared.csproj", "{B84039B7-1781-426D-8C2E-1ED40C60ED93}"
EndProject
Project("{2150E333-8FDC-42A3-9474-1A3956D46DE8}") = "IdentityServer", "IdentityServer", "{DB3C31A8-C67E-4713-BADC-213FE0FC77EC}"
EndProject
Project("{9A19103F-16F7-4668-BE54-9A1E7A4F7556}") = "FreeCourse.IdentityServer", "IdentityServer\FreeCourse.IdentityServer\FreeCourse.IdentityServer.csproj", "{D7EE504B-768F-4324-BA36-AA229682EC72}"
EndProject
Project("{2150E333-8FDC-42A3-9474-1A3956D46DE8}") = "PhotoStock", "PhotoStock", "{CCED73F9-4874-4C6C-927A-439784C45014}"
EndProject
Project("{9A19103F-16F7-4668-BE54-9A1E7A4F7556}") = "FreeCourse.Services.PhotoStock", "Services\PhotoStock\FreeCourse.Services.PhotoStock\FreeCourse.Services.PhotoStock.csproj", "{5AD49C2B-9843-43A4-BF94-43868FD828C0}"
EndProject
Project("{2150E333-8FDC-42A3-9474-1A3956D46DE8}") = "Basket", "Basket", "{8373DBF0-F553-47CD-A0DF-6440F34ADB04}"
EndProject
Project("{9A19103F-16F7-4668-BE54-9A1E7A4F7556}") = "FreeCourse.Services.Basket", "Services\Basket\FreeCourse.Services.Basket\FreeCourse.Services.Basket.csproj", "{BA56E02A-EE5E-41D7-B7D0-7FEC0CBA29E2}"
EndProject
Project("{2150E333-8FDC-42A3-9474-1A3956D46DE8}") = "Discount", "Discount", "{31FD0C77-797F-467A-9ABE-BC4204220FB1}"
EndProject
Project("{9A19103F-16F7-4668-BE54-9A1E7A4F7556}") = "FreeCourse.Services.Discount", "Services\Discount\FreeCourse.Services.Discount\FreeCourse.Services.Discount.csproj", "{4075DA4F-D2BD-4D74-BF5F-DC2D655DB694}"
EndProject
Project("{2150E333-8FDC-42A3-9474-1A3956D46DE8}") = "Order", "Order", "{2D27ACF8-6D8D-4760-8045-01207439CFC9}"
EndProject
Project("{9A19103F-16F7-4668-BE54-9A1E7A4F7556}") = "FreeCourse.Services.Order.API", "Services\Order\FreeCourse.Services.Order.API\FreeCourse.Services.Order.API.csproj", "{71DCC730-DB65-4741-B2EA-67996BF11738}"
EndProject
Project("{9A19103F-16F7-4668-BE54-9A1E7A4F7556}") = "FreeCourse.Services.Order.Application", "Services\Order\FreeCourse.Services.Order.Application\FreeCourse.Services.Order.Application.csproj", "{03568CDB-69C4-4FA1-828A-79452DBB24DD}"
EndProject
Project("{9A19103F-16F7-4668-BE54-9A1E7A4F7556}") = "FreeCourse.Services.Order.Domain", "Services\Order\FreeCourse.Services.Order.Domain\FreeCourse.Services.Order.Domain.csproj", "{158B8946-E930-483C-8BE9-4869440D2100}"
EndProject
Project("{9A19103F-16F7-4668-BE54-9A1E7A4F7556}") = "FreeCourse.Services.Order.Domain.Core", "Services\Order\FreeCourse.Services.Order.Domain.Core\FreeCourse.Services.Order.Domain.Core.csproj", "{A1CA8C82-5A7F-4B98-8F23-D33846C962FB}"
EndProject
Project("{9A19103F-16F7-4668-BE54-9A1E7A4F7556}") = "FreeCourse.Services.Order.Infrastructure", "Services\Order\FreeCourse.Services.Order.Infrastructure\FreeCourse.Services.Order.Infrastructure.csproj", "{9374D4E7-3350-4F12-857E-363BB613A550}"
EndProject
Project("{2150E333-8FDC-42A3-9474-1A3956D46DE8}") = "FakePayment", "FakePayment", "{F2F75D47-5D3F-4255-AB4D-6FF4B3D50827}"
EndProject
Project("{9A19103F-16F7-4668-BE54-9A1E7A4F7556}") = "FreeCourse.Services.FakePayment", "Services\FakePayment\FakePayment\FreeCourse.Services.FakePayment.csproj", "{9C49195C-D310-4120-8E12-1D317BA257DE}"
EndProject
Project("{2150E333-8FDC-42A3-9474-1A3956D46DE8}") = "Gateways", "Gateways", "{20720512-C49A-4BE4-93FF-8B687FEF815C}"
EndProject
Project("{9A19103F-16F7-4668-BE54-9A1E7A4F7556}") = "FreeCourse.Gateway", "FreeCourse.Gateway\FreeCourse.Gateway.csproj", "{C31E7593-6F56-450A-BF85-4A7C3098F59D}"
EndProject
Project("{2150E333-8FDC-42A3-9474-1A3956D46DE8}") = "Frontends", "Frontends", "{A3FBE5E8-6474-4220-8200-065919B613C7}"
EndProject
Project("{FAE04EC0-301F-11D3-BF4B-00C04F79EFBC}") = "FreeCourse.Web", "Frontends\FreeCourse.Web\FreeCourse.Web.csproj", "{150D8E3E-A6C4-4380-926C-2C634424BDA7}"
EndProject
Global
	GlobalSection(SolutionConfigurationPlatforms) = preSolution
		Debug|Any CPU = Debug|Any CPU
		Release|Any CPU = Release|Any CPU
	EndGlobalSection
	GlobalSection(ProjectConfigurationPlatforms) = postSolution
		{7C8646E6-B2E5-4EF4-ABD4-590F16EFA226}.Debug|Any CPU.ActiveCfg = Debug|Any CPU
		{7C8646E6-B2E5-4EF4-ABD4-590F16EFA226}.Debug|Any CPU.Build.0 = Debug|Any CPU
		{7C8646E6-B2E5-4EF4-ABD4-590F16EFA226}.Release|Any CPU.ActiveCfg = Release|Any CPU
		{7C8646E6-B2E5-4EF4-ABD4-590F16EFA226}.Release|Any CPU.Build.0 = Release|Any CPU
		{B84039B7-1781-426D-8C2E-1ED40C60ED93}.Debug|Any CPU.ActiveCfg = Debug|Any CPU
		{B84039B7-1781-426D-8C2E-1ED40C60ED93}.Debug|Any CPU.Build.0 = Debug|Any CPU
		{B84039B7-1781-426D-8C2E-1ED40C60ED93}.Release|Any CPU.ActiveCfg = Release|Any CPU
		{B84039B7-1781-426D-8C2E-1ED40C60ED93}.Release|Any CPU.Build.0 = Release|Any CPU
		{D7EE504B-768F-4324-BA36-AA229682EC72}.Debug|Any CPU.ActiveCfg = Debug|Any CPU
		{D7EE504B-768F-4324-BA36-AA229682EC72}.Debug|Any CPU.Build.0 = Debug|Any CPU
		{D7EE504B-768F-4324-BA36-AA229682EC72}.Release|Any CPU.ActiveCfg = Release|Any CPU
		{D7EE504B-768F-4324-BA36-AA229682EC72}.Release|Any CPU.Build.0 = Release|Any CPU
		{5AD49C2B-9843-43A4-BF94-43868FD828C0}.Debug|Any CPU.ActiveCfg = Debug|Any CPU
		{5AD49C2B-9843-43A4-BF94-43868FD828C0}.Debug|Any CPU.Build.0 = Debug|Any CPU
		{5AD49C2B-9843-43A4-BF94-43868FD828C0}.Release|Any CPU.ActiveCfg = Release|Any CPU
		{5AD49C2B-9843-43A4-BF94-43868FD828C0}.Release|Any CPU.Build.0 = Release|Any CPU
		{BA56E02A-EE5E-41D7-B7D0-7FEC0CBA29E2}.Debug|Any CPU.ActiveCfg = Debug|Any CPU
		{BA56E02A-EE5E-41D7-B7D0-7FEC0CBA29E2}.Debug|Any CPU.Build.0 = Debug|Any CPU
		{BA56E02A-EE5E-41D7-B7D0-7FEC0CBA29E2}.Release|Any CPU.ActiveCfg = Release|Any CPU
		{BA56E02A-EE5E-41D7-B7D0-7FEC0CBA29E2}.Release|Any CPU.Build.0 = Release|Any CPU
		{4075DA4F-D2BD-4D74-BF5F-DC2D655DB694}.Debug|Any CPU.ActiveCfg = Debug|Any CPU
		{4075DA4F-D2BD-4D74-BF5F-DC2D655DB694}.Debug|Any CPU.Build.0 = Debug|Any CPU
		{4075DA4F-D2BD-4D74-BF5F-DC2D655DB694}.Release|Any CPU.ActiveCfg = Release|Any CPU
		{4075DA4F-D2BD-4D74-BF5F-DC2D655DB694}.Release|Any CPU.Build.0 = Release|Any CPU
		{71DCC730-DB65-4741-B2EA-67996BF11738}.Debug|Any CPU.ActiveCfg = Debug|Any CPU
		{71DCC730-DB65-4741-B2EA-67996BF11738}.Debug|Any CPU.Build.0 = Debug|Any CPU
		{71DCC730-DB65-4741-B2EA-67996BF11738}.Release|Any CPU.ActiveCfg = Release|Any CPU
		{71DCC730-DB65-4741-B2EA-67996BF11738}.Release|Any CPU.Build.0 = Release|Any CPU
		{03568CDB-69C4-4FA1-828A-79452DBB24DD}.Debug|Any CPU.ActiveCfg = Debug|Any CPU
		{03568CDB-69C4-4FA1-828A-79452DBB24DD}.Debug|Any CPU.Build.0 = Debug|Any CPU
		{03568CDB-69C4-4FA1-828A-79452DBB24DD}.Release|Any CPU.ActiveCfg = Release|Any CPU
		{03568CDB-69C4-4FA1-828A-79452DBB24DD}.Release|Any CPU.Build.0 = Release|Any CPU
		{158B8946-E930-483C-8BE9-4869440D2100}.Debug|Any CPU.ActiveCfg = Debug|Any CPU
		{158B8946-E930-483C-8BE9-4869440D2100}.Debug|Any CPU.Build.0 = Debug|Any CPU
		{158B8946-E930-483C-8BE9-4869440D2100}.Release|Any CPU.ActiveCfg = Release|Any CPU
		{158B8946-E930-483C-8BE9-4869440D2100}.Release|Any CPU.Build.0 = Release|Any CPU
		{A1CA8C82-5A7F-4B98-8F23-D33846C962FB}.Debug|Any CPU.ActiveCfg = Debug|Any CPU
		{A1CA8C82-5A7F-4B98-8F23-D33846C962FB}.Debug|Any CPU.Build.0 = Debug|Any CPU
		{A1CA8C82-5A7F-4B98-8F23-D33846C962FB}.Release|Any CPU.ActiveCfg = Release|Any CPU
		{A1CA8C82-5A7F-4B98-8F23-D33846C962FB}.Release|Any CPU.Build.0 = Release|Any CPU
		{9374D4E7-3350-4F12-857E-363BB613A550}.Debug|Any CPU.ActiveCfg = Debug|Any CPU
		{9374D4E7-3350-4F12-857E-363BB613A550}.Debug|Any CPU.Build.0 = Debug|Any CPU
		{9374D4E7-3350-4F12-857E-363BB613A550}.Release|Any CPU.ActiveCfg = Release|Any CPU
		{9374D4E7-3350-4F12-857E-363BB613A550}.Release|Any CPU.Build.0 = Release|Any CPU
		{9C49195C-D310-4120-8E12-1D317BA257DE}.Debug|Any CPU.ActiveCfg = Debug|Any CPU
		{9C49195C-D310-4120-8E12-1D317BA257DE}.Debug|Any CPU.Build.0 = Debug|Any CPU
		{9C49195C-D310-4120-8E12-1D317BA257DE}.Release|Any CPU.ActiveCfg = Release|Any CPU
		{9C49195C-D310-4120-8E12-1D317BA257DE}.Release|Any CPU.Build.0 = Release|Any CPU
		{C31E7593-6F56-450A-BF85-4A7C3098F59D}.Debug|Any CPU.ActiveCfg = Debug|Any CPU
		{C31E7593-6F56-450A-BF85-4A7C3098F59D}.Debug|Any CPU.Build.0 = Debug|Any CPU
		{C31E7593-6F56-450A-BF85-4A7C3098F59D}.Release|Any CPU.ActiveCfg = Release|Any CPU
		{C31E7593-6F56-450A-BF85-4A7C3098F59D}.Release|Any CPU.Build.0 = Release|Any CPU
		{150D8E3E-A6C4-4380-926C-2C634424BDA7}.Debug|Any CPU.ActiveCfg = Debug|Any CPU
		{150D8E3E-A6C4-4380-926C-2C634424BDA7}.Debug|Any CPU.Build.0 = Debug|Any CPU
		{150D8E3E-A6C4-4380-926C-2C634424BDA7}.Release|Any CPU.ActiveCfg = Release|Any CPU
		{150D8E3E-A6C4-4380-926C-2C634424BDA7}.Release|Any CPU.Build.0 = Release|Any CPU
	EndGlobalSection
	GlobalSection(SolutionProperties) = preSolution
		HideSolutionNode = FALSE
	EndGlobalSection
	GlobalSection(NestedProjects) = preSolution
		{C4E5AEAD-E07F-450F-85AE-BA76FC4704C4} = {51814EC1-2731-4763-95EB-F65E16B47A55}
		{7C8646E6-B2E5-4EF4-ABD4-590F16EFA226} = {C4E5AEAD-E07F-450F-85AE-BA76FC4704C4}
		{B84039B7-1781-426D-8C2E-1ED40C60ED93} = {7F252DAB-872F-46F3-90A1-4EE02F9B45FF}
		{D7EE504B-768F-4324-BA36-AA229682EC72} = {DB3C31A8-C67E-4713-BADC-213FE0FC77EC}
		{CCED73F9-4874-4C6C-927A-439784C45014} = {51814EC1-2731-4763-95EB-F65E16B47A55}
		{5AD49C2B-9843-43A4-BF94-43868FD828C0} = {CCED73F9-4874-4C6C-927A-439784C45014}
		{8373DBF0-F553-47CD-A0DF-6440F34ADB04} = {51814EC1-2731-4763-95EB-F65E16B47A55}
		{BA56E02A-EE5E-41D7-B7D0-7FEC0CBA29E2} = {8373DBF0-F553-47CD-A0DF-6440F34ADB04}
		{31FD0C77-797F-467A-9ABE-BC4204220FB1} = {51814EC1-2731-4763-95EB-F65E16B47A55}
		{4075DA4F-D2BD-4D74-BF5F-DC2D655DB694} = {31FD0C77-797F-467A-9ABE-BC4204220FB1}
		{2D27ACF8-6D8D-4760-8045-01207439CFC9} = {51814EC1-2731-4763-95EB-F65E16B47A55}
		{71DCC730-DB65-4741-B2EA-67996BF11738} = {2D27ACF8-6D8D-4760-8045-01207439CFC9}
		{03568CDB-69C4-4FA1-828A-79452DBB24DD} = {2D27ACF8-6D8D-4760-8045-01207439CFC9}
		{158B8946-E930-483C-8BE9-4869440D2100} = {2D27ACF8-6D8D-4760-8045-01207439CFC9}
		{A1CA8C82-5A7F-4B98-8F23-D33846C962FB} = {2D27ACF8-6D8D-4760-8045-01207439CFC9}
		{9374D4E7-3350-4F12-857E-363BB613A550} = {2D27ACF8-6D8D-4760-8045-01207439CFC9}
		{F2F75D47-5D3F-4255-AB4D-6FF4B3D50827} = {51814EC1-2731-4763-95EB-F65E16B47A55}
		{9C49195C-D310-4120-8E12-1D317BA257DE} = {F2F75D47-5D3F-4255-AB4D-6FF4B3D50827}
		{C31E7593-6F56-450A-BF85-4A7C3098F59D} = {20720512-C49A-4BE4-93FF-8B687FEF815C}
		{150D8E3E-A6C4-4380-926C-2C634424BDA7} = {A3FBE5E8-6474-4220-8200-065919B613C7}
	EndGlobalSection
	GlobalSection(ExtensibilityGlobals) = postSolution
		SolutionGuid = {0CF9995F-1766-45BB-A667-044A70E7325D}
	EndGlobalSection
EndGlobal
